// !$*UTF8*$!
{
	archiveVersion = 1;
	classes = {
	};
	objectVersion = 56;
	objects = {

/* Begin PBXBuildFile section */
		CC2FEAF32A8EE81000E6B11E /* ScrumdingerApp.swift in Sources */ = {isa = PBXBuildFile; fileRef = CC2FEAF22A8EE81000E6B11E /* ScrumdingerApp.swift */; };
		CC2FEAF52A8EE81000E6B11E /* MeetingView.swift in Sources */ = {isa = PBXBuildFile; fileRef = CC2FEAF42A8EE81000E6B11E /* MeetingView.swift */; };
		CC2FEAF72A8EE81100E6B11E /* Assets.xcassets in Resources */ = {isa = PBXBuildFile; fileRef = CC2FEAF62A8EE81100E6B11E /* Assets.xcassets */; };
		CC2FEAFA2A8EE81100E6B11E /* Preview Assets.xcassets in Resources */ = {isa = PBXBuildFile; fileRef = CC2FEAF92A8EE81100E6B11E /* Preview Assets.xcassets */; };
		CC2FEB042A8EE81200E6B11E /* ScrumdingerTests.swift in Sources */ = {isa = PBXBuildFile; fileRef = CC2FEB032A8EE81200E6B11E /* ScrumdingerTests.swift */; };
		CC2FEB0E2A8EE81200E6B11E /* ScrumdingerUITests.swift in Sources */ = {isa = PBXBuildFile; fileRef = CC2FEB0D2A8EE81200E6B11E /* ScrumdingerUITests.swift */; };
		CC2FEB102A8EE81200E6B11E /* ScrumdingerUITestsLaunchTests.swift in Sources */ = {isa = PBXBuildFile; fileRef = CC2FEB0F2A8EE81200E6B11E /* ScrumdingerUITestsLaunchTests.swift */; };
		CC58CDB52A8F3366008D0FC3 /* Theme.swift in Sources */ = {isa = PBXBuildFile; fileRef = CC58CDB42A8F3366008D0FC3 /* Theme.swift */; };
		CC58CDB72A8F3571008D0FC3 /* DailyScrum.swift in Sources */ = {isa = PBXBuildFile; fileRef = CC58CDB62A8F3571008D0FC3 /* DailyScrum.swift */; };
		CC58CDBB2A8F3771008D0FC3 /* CardView.swift in Sources */ = {isa = PBXBuildFile; fileRef = CC58CDBA2A8F3771008D0FC3 /* CardView.swift */; };
		CC58CDBD2A8F423D008D0FC3 /* TrailingIconLabelStyle.swift in Sources */ = {isa = PBXBuildFile; fileRef = CC58CDBC2A8F423D008D0FC3 /* TrailingIconLabelStyle.swift */; };
		CC58CDBF2A8F4813008D0FC3 /* ScrumsView.swift in Sources */ = {isa = PBXBuildFile; fileRef = CC58CDBE2A8F4813008D0FC3 /* ScrumsView.swift */; };
		CC58CDC12A8F5804008D0FC3 /* DetailView.swift in Sources */ = {isa = PBXBuildFile; fileRef = CC58CDC02A8F5804008D0FC3 /* DetailView.swift */; };
/* End PBXBuildFile section */

/* Begin PBXContainerItemProxy section */
		CC2FEB002A8EE81200E6B11E /* PBXContainerItemProxy */ = {
			isa = PBXContainerItemProxy;
			containerPortal = CC2FEAE72A8EE81000E6B11E /* Project object */;
			proxyType = 1;
			remoteGlobalIDString = CC2FEAEE2A8EE81000E6B11E;
			remoteInfo = Scrumdinger;
		};
		CC2FEB0A2A8EE81200E6B11E /* PBXContainerItemProxy */ = {
			isa = PBXContainerItemProxy;
			containerPortal = CC2FEAE72A8EE81000E6B11E /* Project object */;
			proxyType = 1;
			remoteGlobalIDString = CC2FEAEE2A8EE81000E6B11E;
			remoteInfo = Scrumdinger;
		};
/* End PBXContainerItemProxy section */

/* Begin PBXFileReference section */
		CC2FEAEF2A8EE81000E6B11E /* Scrumdinger.app */ = {isa = PBXFileReference; explicitFileType = wrapper.application; includeInIndex = 0; path = Scrumdinger.app; sourceTree = BUILT_PRODUCTS_DIR; };
		CC2FEAF22A8EE81000E6B11E /* ScrumdingerApp.swift */ = {isa = PBXFileReference; lastKnownFileType = sourcecode.swift; path = ScrumdingerApp.swift; sourceTree = "<group>"; };
		CC2FEAF42A8EE81000E6B11E /* MeetingView.swift */ = {isa = PBXFileReference; lastKnownFileType = sourcecode.swift; path = MeetingView.swift; sourceTree = "<group>"; };
		CC2FEAF62A8EE81100E6B11E /* Assets.xcassets */ = {isa = PBXFileReference; lastKnownFileType = folder.assetcatalog; path = Assets.xcassets; sourceTree = "<group>"; };
		CC2FEAF92A8EE81100E6B11E /* Preview Assets.xcassets */ = {isa = PBXFileReference; lastKnownFileType = folder.assetcatalog; path = "Preview Assets.xcassets"; sourceTree = "<group>"; };
		CC2FEAFF2A8EE81200E6B11E /* ScrumdingerTests.xctest */ = {isa = PBXFileReference; explicitFileType = wrapper.cfbundle; includeInIndex = 0; path = ScrumdingerTests.xctest; sourceTree = BUILT_PRODUCTS_DIR; };
		CC2FEB032A8EE81200E6B11E /* ScrumdingerTests.swift */ = {isa = PBXFileReference; lastKnownFileType = sourcecode.swift; path = ScrumdingerTests.swift; sourceTree = "<group>"; };
		CC2FEB092A8EE81200E6B11E /* ScrumdingerUITests.xctest */ = {isa = PBXFileReference; explicitFileType = wrapper.cfbundle; includeInIndex = 0; path = ScrumdingerUITests.xctest; sourceTree = BUILT_PRODUCTS_DIR; };
		CC2FEB0D2A8EE81200E6B11E /* ScrumdingerUITests.swift */ = {isa = PBXFileReference; lastKnownFileType = sourcecode.swift; path = ScrumdingerUITests.swift; sourceTree = "<group>"; };
		CC2FEB0F2A8EE81200E6B11E /* ScrumdingerUITestsLaunchTests.swift */ = {isa = PBXFileReference; lastKnownFileType = sourcecode.swift; path = ScrumdingerUITestsLaunchTests.swift; sourceTree = "<group>"; };
		CC58CDB42A8F3366008D0FC3 /* Theme.swift */ = {isa = PBXFileReference; lastKnownFileType = sourcecode.swift; path = Theme.swift; sourceTree = "<group>"; };
		CC58CDB62A8F3571008D0FC3 /* DailyScrum.swift */ = {isa = PBXFileReference; lastKnownFileType = sourcecode.swift; path = DailyScrum.swift; sourceTree = "<group>"; };
		CC58CDBA2A8F3771008D0FC3 /* CardView.swift */ = {isa = PBXFileReference; lastKnownFileType = sourcecode.swift; path = CardView.swift; sourceTree = "<group>"; };
		CC58CDBC2A8F423D008D0FC3 /* TrailingIconLabelStyle.swift */ = {isa = PBXFileReference; lastKnownFileType = sourcecode.swift; path = TrailingIconLabelStyle.swift; sourceTree = "<group>"; };
		CC58CDBE2A8F4813008D0FC3 /* ScrumsView.swift */ = {isa = PBXFileReference; lastKnownFileType = sourcecode.swift; path = ScrumsView.swift; sourceTree = "<group>"; };
		CC58CDC02A8F5804008D0FC3 /* DetailView.swift */ = {isa = PBXFileReference; lastKnownFileType = sourcecode.swift; path = DetailView.swift; sourceTree = "<group>"; };
/* End PBXFileReference section */

/* Begin PBXFrameworksBuildPhase section */
		CC2FEAEC2A8EE81000E6B11E /* Frameworks */ = {
			isa = PBXFrameworksBuildPhase;
			buildActionMask = 2147483647;
			files = (
			);
			runOnlyForDeploymentPostprocessing = 0;
		};
		CC2FEAFC2A8EE81200E6B11E /* Frameworks */ = {
			isa = PBXFrameworksBuildPhase;
			buildActionMask = 2147483647;
			files = (
			);
			runOnlyForDeploymentPostprocessing = 0;
		};
		CC2FEB062A8EE81200E6B11E /* Frameworks */ = {
			isa = PBXFrameworksBuildPhase;
			buildActionMask = 2147483647;
			files = (
			);
			runOnlyForDeploymentPostprocessing = 0;
		};
/* End PBXFrameworksBuildPhase section */

/* Begin PBXGroup section */
		CC2FEAE62A8EE81000E6B11E = {
			isa = PBXGroup;
			children = (
				CC2FEAF12A8EE81000E6B11E /* Scrumdinger */,
				CC2FEB022A8EE81200E6B11E /* ScrumdingerTests */,
				CC2FEB0C2A8EE81200E6B11E /* ScrumdingerUITests */,
				CC2FEAF02A8EE81000E6B11E /* Products */,
			);
			sourceTree = "<group>";
		};
		CC2FEAF02A8EE81000E6B11E /* Products */ = {
			isa = PBXGroup;
			children = (
				CC2FEAEF2A8EE81000E6B11E /* Scrumdinger.app */,
				CC2FEAFF2A8EE81200E6B11E /* ScrumdingerTests.xctest */,
				CC2FEB092A8EE81200E6B11E /* ScrumdingerUITests.xctest */,
			);
			name = Products;
			sourceTree = "<group>";
		};
		CC2FEAF12A8EE81000E6B11E /* Scrumdinger */ = {
			isa = PBXGroup;
			children = (
				CC58CDB32A8F3347008D0FC3 /* Models */,
				CC2FEAF22A8EE81000E6B11E /* ScrumdingerApp.swift */,
				CC2FEAF42A8EE81000E6B11E /* MeetingView.swift */,
				CC2FEAF62A8EE81100E6B11E /* Assets.xcassets */,
				CC2FEAF82A8EE81100E6B11E /* Preview Content */,
				CC58CDBA2A8F3771008D0FC3 /* CardView.swift */,
				CC58CDBC2A8F423D008D0FC3 /* TrailingIconLabelStyle.swift */,
				CC58CDBE2A8F4813008D0FC3 /* ScrumsView.swift */,
				CC58CDC02A8F5804008D0FC3 /* DetailView.swift */,
			);
			path = Scrumdinger;
			sourceTree = "<group>";
		};
		CC2FEAF82A8EE81100E6B11E /* Preview Content */ = {
			isa = PBXGroup;
			children = (
				CC2FEAF92A8EE81100E6B11E /* Preview Assets.xcassets */,
			);
			path = "Preview Content";
			sourceTree = "<group>";
		};
		CC2FEB022A8EE81200E6B11E /* ScrumdingerTests */ = {
			isa = PBXGroup;
			children = (
				CC2FEB032A8EE81200E6B11E /* ScrumdingerTests.swift */,
			);
			path = ScrumdingerTests;
			sourceTree = "<group>";
		};
		CC2FEB0C2A8EE81200E6B11E /* ScrumdingerUITests */ = {
			isa = PBXGroup;
			children = (
				CC2FEB0D2A8EE81200E6B11E /* ScrumdingerUITests.swift */,
				CC2FEB0F2A8EE81200E6B11E /* ScrumdingerUITestsLaunchTests.swift */,
			);
			path = ScrumdingerUITests;
			sourceTree = "<group>";
		};
		CC58CDB32A8F3347008D0FC3 /* Models */ = {
			isa = PBXGroup;
			children = (
				CC58CDB42A8F3366008D0FC3 /* Theme.swift */,
				CC58CDB62A8F3571008D0FC3 /* DailyScrum.swift */,
			);
			path = Models;
			sourceTree = "<group>";
		};
/* End PBXGroup section */

/* Begin PBXNativeTarget section */
		CC2FEAEE2A8EE81000E6B11E /* Scrumdinger */ = {
			isa = PBXNativeTarget;
			buildConfigurationList = CC2FEB132A8EE81200E6B11E /* Build configuration list for PBXNativeTarget "Scrumdinger" */;
			buildPhases = (
				CC2FEAEB2A8EE81000E6B11E /* Sources */,
				CC2FEAEC2A8EE81000E6B11E /* Frameworks */,
				CC2FEAED2A8EE81000E6B11E /* Resources */,
			);
			buildRules = (
			);
			dependencies = (
			);
			name = Scrumdinger;
			productName = Scrumdinger;
			productReference = CC2FEAEF2A8EE81000E6B11E /* Scrumdinger.app */;
			productType = "com.apple.product-type.application";
		};
		CC2FEAFE2A8EE81200E6B11E /* ScrumdingerTests */ = {
			isa = PBXNativeTarget;
			buildConfigurationList = CC2FEB162A8EE81200E6B11E /* Build configuration list for PBXNativeTarget "ScrumdingerTests" */;
			buildPhases = (
				CC2FEAFB2A8EE81200E6B11E /* Sources */,
				CC2FEAFC2A8EE81200E6B11E /* Frameworks */,
				CC2FEAFD2A8EE81200E6B11E /* Resources */,
			);
			buildRules = (
			);
			dependencies = (
				CC2FEB012A8EE81200E6B11E /* PBXTargetDependency */,
			);
			name = ScrumdingerTests;
			productName = ScrumdingerTests;
			productReference = CC2FEAFF2A8EE81200E6B11E /* ScrumdingerTests.xctest */;
			productType = "com.apple.product-type.bundle.unit-test";
		};
		CC2FEB082A8EE81200E6B11E /* ScrumdingerUITests */ = {
			isa = PBXNativeTarget;
			buildConfigurationList = CC2FEB192A8EE81200E6B11E /* Build configuration list for PBXNativeTarget "ScrumdingerUITests" */;
			buildPhases = (
				CC2FEB052A8EE81200E6B11E /* Sources */,
				CC2FEB062A8EE81200E6B11E /* Frameworks */,
				CC2FEB072A8EE81200E6B11E /* Resources */,
			);
			buildRules = (
			);
			dependencies = (
				CC2FEB0B2A8EE81200E6B11E /* PBXTargetDependency */,
			);
			name = ScrumdingerUITests;
			productName = ScrumdingerUITests;
			productReference = CC2FEB092A8EE81200E6B11E /* ScrumdingerUITests.xctest */;
			productType = "com.apple.product-type.bundle.ui-testing";
		};
/* End PBXNativeTarget section */

/* Begin PBXProject section */
		CC2FEAE72A8EE81000E6B11E /* Project object */ = {
			isa = PBXProject;
			attributes = {
				BuildIndependentTargetsInParallel = 1;
				LastSwiftUpdateCheck = 1420;
				LastUpgradeCheck = 1420;
				TargetAttributes = {
					CC2FEAEE2A8EE81000E6B11E = {
						CreatedOnToolsVersion = 14.2;
					};
					CC2FEAFE2A8EE81200E6B11E = {
						CreatedOnToolsVersion = 14.2;
						TestTargetID = CC2FEAEE2A8EE81000E6B11E;
					};
					CC2FEB082A8EE81200E6B11E = {
						CreatedOnToolsVersion = 14.2;
						TestTargetID = CC2FEAEE2A8EE81000E6B11E;
					};
				};
			};
			buildConfigurationList = CC2FEAEA2A8EE81000E6B11E /* Build configuration list for PBXProject "Scrumdinger" */;
			compatibilityVersion = "Xcode 14.0";
			developmentRegion = en;
			hasScannedForEncodings = 0;
			knownRegions = (
				en,
				Base,
			);
			mainGroup = CC2FEAE62A8EE81000E6B11E;
			productRefGroup = CC2FEAF02A8EE81000E6B11E /* Products */;
			projectDirPath = "";
			projectRoot = "";
			targets = (
				CC2FEAEE2A8EE81000E6B11E /* Scrumdinger */,
				CC2FEAFE2A8EE81200E6B11E /* ScrumdingerTests */,
				CC2FEB082A8EE81200E6B11E /* ScrumdingerUITests */,
			);
		};
/* End PBXProject section */

/* Begin PBXResourcesBuildPhase section */
		CC2FEAED2A8EE81000E6B11E /* Resources */ = {
			isa = PBXResourcesBuildPhase;
			buildActionMask = 2147483647;
			files = (
				CC2FEAFA2A8EE81100E6B11E /* Preview Assets.xcassets in Resources */,
				CC2FEAF72A8EE81100E6B11E /* Assets.xcassets in Resources */,
			);
			runOnlyForDeploymentPostprocessing = 0;
		};
		CC2FEAFD2A8EE81200E6B11E /* Resources */ = {
			isa = PBXResourcesBuildPhase;
			buildActionMask = 2147483647;
			files = (
			);
			runOnlyForDeploymentPostprocessing = 0;
		};
		CC2FEB072A8EE81200E6B11E /* Resources */ = {
			isa = PBXResourcesBuildPhase;
			buildActionMask = 2147483647;
			files = (
			);
			runOnlyForDeploymentPostprocessing = 0;
		};
/* End PBXResourcesBuildPhase section */

/* Begin PBXSourcesBuildPhase section */
		CC2FEAEB2A8EE81000E6B11E /* Sources */ = {
			isa = PBXSourcesBuildPhase;
			buildActionMask = 2147483647;
			files = (
				CC58CDB72A8F3571008D0FC3 /* DailyScrum.swift in Sources */,
				CC58CDC12A8F5804008D0FC3 /* DetailView.swift in Sources */,
				CC58CDBD2A8F423D008D0FC3 /* TrailingIconLabelStyle.swift in Sources */,
				CC58CDB52A8F3366008D0FC3 /* Theme.swift in Sources */,
				CC58CDBF2A8F4813008D0FC3 /* ScrumsView.swift in Sources */,
				CC2FEAF52A8EE81000E6B11E /* MeetingView.swift in Sources */,
				CC2FEAF32A8EE81000E6B11E /* ScrumdingerApp.swift in Sources */,
				CC58CDBB2A8F3771008D0FC3 /* CardView.swift in Sources */,
			);
			runOnlyForDeploymentPostprocessing = 0;
		};
		CC2FEAFB2A8EE81200E6B11E /* Sources */ = {
			isa = PBXSourcesBuildPhase;
			buildActionMask = 2147483647;
			files = (
				CC2FEB042A8EE81200E6B11E /* ScrumdingerTests.swift in Sources */,
			);
			runOnlyForDeploymentPostprocessing = 0;
		};
		CC2FEB052A8EE81200E6B11E /* Sources */ = {
			isa = PBXSourcesBuildPhase;
			buildActionMask = 2147483647;
			files = (
				CC2FEB102A8EE81200E6B11E /* ScrumdingerUITestsLaunchTests.swift in Sources */,
				CC2FEB0E2A8EE81200E6B11E /* ScrumdingerUITests.swift in Sources */,
			);
			runOnlyForDeploymentPostprocessing = 0;
		};
/* End PBXSourcesBuildPhase section */

/* Begin PBXTargetDependency section */
		CC2FEB012A8EE81200E6B11E /* PBXTargetDependency */ = {
			isa = PBXTargetDependency;
			target = CC2FEAEE2A8EE81000E6B11E /* Scrumdinger */;
			targetProxy = CC2FEB002A8EE81200E6B11E /* PBXContainerItemProxy */;
		};
		CC2FEB0B2A8EE81200E6B11E /* PBXTargetDependency */ = {
			isa = PBXTargetDependency;
			target = CC2FEAEE2A8EE81000E6B11E /* Scrumdinger */;
			targetProxy = CC2FEB0A2A8EE81200E6B11E /* PBXContainerItemProxy */;
		};
/* End PBXTargetDependency section */

/* Begin XCBuildConfiguration section */
		CC2FEB112A8EE81200E6B11E /* Debug */ = {
			isa = XCBuildConfiguration;
			buildSettings = {
				ALWAYS_SEARCH_USER_PATHS = NO;
				CLANG_ANALYZER_NONNULL = YES;
				CLANG_ANALYZER_NUMBER_OBJECT_CONVERSION = YES_AGGRESSIVE;
				CLANG_CXX_LANGUAGE_STANDARD = "gnu++20";
				CLANG_ENABLE_MODULES = YES;
				CLANG_ENABLE_OBJC_ARC = YES;
				CLANG_ENABLE_OBJC_WEAK = YES;
				CLANG_WARN_BLOCK_CAPTURE_AUTORELEASING = YES;
				CLANG_WARN_BOOL_CONVERSION = YES;
				CLANG_WARN_COMMA = YES;
				CLANG_WARN_CONSTANT_CONVERSION = YES;
				CLANG_WARN_DEPRECATED_OBJC_IMPLEMENTATIONS = YES;
				CLANG_WARN_DIRECT_OBJC_ISA_USAGE = YES_ERROR;
				CLANG_WARN_DOCUMENTATION_COMMENTS = YES;
				CLANG_WARN_EMPTY_BODY = YES;
				CLANG_WARN_ENUM_CONVERSION = YES;
				CLANG_WARN_INFINITE_RECURSION = YES;
				CLANG_WARN_INT_CONVERSION = YES;
				CLANG_WARN_NON_LITERAL_NULL_CONVERSION = YES;
				CLANG_WARN_OBJC_IMPLICIT_RETAIN_SELF = YES;
				CLANG_WARN_OBJC_LITERAL_CONVERSION = YES;
				CLANG_WARN_OBJC_ROOT_CLASS = YES_ERROR;
				CLANG_WARN_QUOTED_INCLUDE_IN_FRAMEWORK_HEADER = YES;
				CLANG_WARN_RANGE_LOOP_ANALYSIS = YES;
				CLANG_WARN_STRICT_PROTOTYPES = YES;
				CLANG_WARN_SUSPICIOUS_MOVE = YES;
				CLANG_WARN_UNGUARDED_AVAILABILITY = YES_AGGRESSIVE;
				CLANG_WARN_UNREACHABLE_CODE = YES;
				CLANG_WARN__DUPLICATE_METHOD_MATCH = YES;
				COPY_PHASE_STRIP = NO;
				DEBUG_INFORMATION_FORMAT = dwarf;
				ENABLE_STRICT_OBJC_MSGSEND = YES;
				ENABLE_TESTABILITY = YES;
				GCC_C_LANGUAGE_STANDARD = gnu11;
				GCC_DYNAMIC_NO_PIC = NO;
				GCC_NO_COMMON_BLOCKS = YES;
				GCC_OPTIMIZATION_LEVEL = 0;
				GCC_PREPROCESSOR_DEFINITIONS = (
					"DEBUG=1",
					"$(inherited)",
				);
				GCC_WARN_64_TO_32_BIT_CONVERSION = YES;
				GCC_WARN_ABOUT_RETURN_TYPE = YES_ERROR;
				GCC_WARN_UNDECLARED_SELECTOR = YES;
				GCC_WARN_UNINITIALIZED_AUTOS = YES_AGGRESSIVE;
				GCC_WARN_UNUSED_FUNCTION = YES;
				GCC_WARN_UNUSED_VARIABLE = YES;
				IPHONEOS_DEPLOYMENT_TARGET = 16.2;
				MTL_ENABLE_DEBUG_INFO = INCLUDE_SOURCE;
				MTL_FAST_MATH = YES;
				ONLY_ACTIVE_ARCH = YES;
				SDKROOT = iphoneos;
				SWIFT_ACTIVE_COMPILATION_CONDITIONS = DEBUG;
				SWIFT_OPTIMIZATION_LEVEL = "-Onone";
			};
			name = Debug;
		};
		CC2FEB122A8EE81200E6B11E /* Release */ = {
			isa = XCBuildConfiguration;
			buildSettings = {
				ALWAYS_SEARCH_USER_PATHS = NO;
				CLANG_ANALYZER_NONNULL = YES;
				CLANG_ANALYZER_NUMBER_OBJECT_CONVERSION = YES_AGGRESSIVE;
				CLANG_CXX_LANGUAGE_STANDARD = "gnu++20";
				CLANG_ENABLE_MODULES = YES;
				CLANG_ENABLE_OBJC_ARC = YES;
				CLANG_ENABLE_OBJC_WEAK = YES;
				CLANG_WARN_BLOCK_CAPTURE_AUTORELEASING = YES;
				CLANG_WARN_BOOL_CONVERSION = YES;
				CLANG_WARN_COMMA = YES;
				CLANG_WARN_CONSTANT_CONVERSION = YES;
				CLANG_WARN_DEPRECATED_OBJC_IMPLEMENTATIONS = YES;
				CLANG_WARN_DIRECT_OBJC_ISA_USAGE = YES_ERROR;
				CLANG_WARN_DOCUMENTATION_COMMENTS = YES;
				CLANG_WARN_EMPTY_BODY = YES;
				CLANG_WARN_ENUM_CONVERSION = YES;
				CLANG_WARN_INFINITE_RECURSION = YES;
				CLANG_WARN_INT_CONVERSION = YES;
				CLANG_WARN_NON_LITERAL_NULL_CONVERSION = YES;
				CLANG_WARN_OBJC_IMPLICIT_RETAIN_SELF = YES;
				CLANG_WARN_OBJC_LITERAL_CONVERSION = YES;
				CLANG_WARN_OBJC_ROOT_CLASS = YES_ERROR;
				CLANG_WARN_QUOTED_INCLUDE_IN_FRAMEWORK_HEADER = YES;
				CLANG_WARN_RANGE_LOOP_ANALYSIS = YES;
				CLANG_WARN_STRICT_PROTOTYPES = YES;
				CLANG_WARN_SUSPICIOUS_MOVE = YES;
				CLANG_WARN_UNGUARDED_AVAILABILITY = YES_AGGRESSIVE;
				CLANG_WARN_UNREACHABLE_CODE = YES;
				CLANG_WARN__DUPLICATE_METHOD_MATCH = YES;
				COPY_PHASE_STRIP = NO;
				DEBUG_INFORMATION_FORMAT = "dwarf-with-dsym";
				ENABLE_NS_ASSERTIONS = NO;
				ENABLE_STRICT_OBJC_MSGSEND = YES;
				GCC_C_LANGUAGE_STANDARD = gnu11;
				GCC_NO_COMMON_BLOCKS = YES;
				GCC_WARN_64_TO_32_BIT_CONVERSION = YES;
				GCC_WARN_ABOUT_RETURN_TYPE = YES_ERROR;
				GCC_WARN_UNDECLARED_SELECTOR = YES;
				GCC_WARN_UNINITIALIZED_AUTOS = YES_AGGRESSIVE;
				GCC_WARN_UNUSED_FUNCTION = YES;
				GCC_WARN_UNUSED_VARIABLE = YES;
				IPHONEOS_DEPLOYMENT_TARGET = 16.2;
				MTL_ENABLE_DEBUG_INFO = NO;
				MTL_FAST_MATH = YES;
				SDKROOT = iphoneos;
				SWIFT_COMPILATION_MODE = wholemodule;
				SWIFT_OPTIMIZATION_LEVEL = "-O";
				VALIDATE_PRODUCT = YES;
			};
			name = Release;
		};
		CC2FEB142A8EE81200E6B11E /* Debug */ = {
			isa = XCBuildConfiguration;
			buildSettings = {
				ASSETCATALOG_COMPILER_APPICON_NAME = AppIcon;
				ASSETCATALOG_COMPILER_GLOBAL_ACCENT_COLOR_NAME = AccentColor;
				CODE_SIGN_STYLE = Automatic;
				CURRENT_PROJECT_VERSION = 1;
				DEVELOPMENT_ASSET_PATHS = "\"Scrumdinger/Preview Content\"";
				DEVELOPMENT_TEAM = 836H8RG98K;
				ENABLE_PREVIEWS = YES;
				GENERATE_INFOPLIST_FILE = YES;
				INFOPLIST_KEY_UIApplicationSceneManifest_Generation = YES;
				INFOPLIST_KEY_UIApplicationSupportsIndirectInputEvents = YES;
				INFOPLIST_KEY_UILaunchScreen_Generation = YES;
				INFOPLIST_KEY_UISupportedInterfaceOrientations_iPad = "UIInterfaceOrientationPortrait UIInterfaceOrientationPortraitUpsideDown UIInterfaceOrientationLandscapeLeft UIInterfaceOrientationLandscapeRight";
				INFOPLIST_KEY_UISupportedInterfaceOrientations_iPhone = "UIInterfaceOrientationPortrait UIInterfaceOrientationLandscapeLeft UIInterfaceOrientationLandscapeRight";
				LD_RUNPATH_SEARCH_PATHS = (
					"$(inherited)",
					"@executable_path/Frameworks",
				);
				MARKETING_VERSION = 1.0;
				PRODUCT_BUNDLE_IDENTIFIER = com.zhuchengliang.Scrumdinger;
				PRODUCT_NAME = "$(TARGET_NAME)";
				SWIFT_EMIT_LOC_STRINGS = YES;
				SWIFT_VERSION = 5.0;
				TARGETED_DEVICE_FAMILY = "1,2";
			};
			name = Debug;
		};
		CC2FEB152A8EE81200E6B11E /* Release */ = {
			isa = XCBuildConfiguration;
			buildSettings = {
				ASSETCATALOG_COMPILER_APPICON_NAME = AppIcon;
				ASSETCATALOG_COMPILER_GLOBAL_ACCENT_COLOR_NAME = AccentColor;
				CODE_SIGN_STYLE = Automatic;
				CURRENT_PROJECT_VERSION = 1;
				DEVELOPMENT_ASSET_PATHS = "\"Scrumdinger/Preview Content\"";
				DEVELOPMENT_TEAM = 836H8RG98K;
				ENABLE_PREVIEWS = YES;
				GENERATE_INFOPLIST_FILE = YES;
				INFOPLIST_KEY_UIApplicationSceneManifest_Generation = YES;
				INFOPLIST_KEY_UIApplicationSupportsIndirectInputEvents = YES;
				INFOPLIST_KEY_UILaunchScreen_Generation = YES;
				INFOPLIST_KEY_UISupportedInterfaceOrientations_iPad = "UIInterfaceOrientationPortrait UIInterfaceOrientationPortraitUpsideDown UIInterfaceOrientationLandscapeLeft UIInterfaceOrientationLandscapeRight";
				INFOPLIST_KEY_UISupportedInterfaceOrientations_iPhone = "UIInterfaceOrientationPortrait UIInterfaceOrientationLandscapeLeft UIInterfaceOrientationLandscapeRight";
				LD_RUNPATH_SEARCH_PATHS = (
					"$(inherited)",
					"@executable_path/Frameworks",
				);
				MARKETING_VERSION = 1.0;
				PRODUCT_BUNDLE_IDENTIFIER = com.zhuchengliang.Scrumdinger;
				PRODUCT_NAME = "$(TARGET_NAME)";
				SWIFT_EMIT_LOC_STRINGS = YES;
				SWIFT_VERSION = 5.0;
				TARGETED_DEVICE_FAMILY = "1,2";
			};
			name = Release;
		};
		CC2FEB172A8EE81200E6B11E /* Debug */ = {
			isa = XCBuildConfiguration;
			buildSettings = {
				ALWAYS_EMBED_SWIFT_STANDARD_LIBRARIES = YES;
				BUNDLE_LOADER = "$(TEST_HOST)";
				CODE_SIGN_STYLE = Automatic;
				CURRENT_PROJECT_VERSION = 1;
				DEVELOPMENT_TEAM = 836H8RG98K;
				GENERATE_INFOPLIST_FILE = YES;
				IPHONEOS_DEPLOYMENT_TARGET = 16.2;
				MARKETING_VERSION = 1.0;
				PRODUCT_BUNDLE_IDENTIFIER = com.zhuchengliang.ScrumdingerTests;
				PRODUCT_NAME = "$(TARGET_NAME)";
				SWIFT_EMIT_LOC_STRINGS = NO;
				SWIFT_VERSION = 5.0;
				TARGETED_DEVICE_FAMILY = "1,2";
				TEST_HOST = "$(BUILT_PRODUCTS_DIR)/Scrumdinger.app/$(BUNDLE_EXECUTABLE_FOLDER_PATH)/Scrumdinger";
			};
			name = Debug;
		};
		CC2FEB182A8EE81200E6B11E /* Release */ = {
			isa = XCBuildConfiguration;
			buildSettings = {
				ALWAYS_EMBED_SWIFT_STANDARD_LIBRARIES = YES;
				BUNDLE_LOADER = "$(TEST_HOST)";
				CODE_SIGN_STYLE = Automatic;
				CURRENT_PROJECT_VERSION = 1;
				DEVELOPMENT_TEAM = 836H8RG98K;
				GENERATE_INFOPLIST_FILE = YES;
				IPHONEOS_DEPLOYMENT_TARGET = 16.2;
				MARKETING_VERSION = 1.0;
				PRODUCT_BUNDLE_IDENTIFIER = com.zhuchengliang.ScrumdingerTests;
				PRODUCT_NAME = "$(TARGET_NAME)";
				SWIFT_EMIT_LOC_STRINGS = NO;
				SWIFT_VERSION = 5.0;
				TARGETED_DEVICE_FAMILY = "1,2";
				TEST_HOST = "$(BUILT_PRODUCTS_DIR)/Scrumdinger.app/$(BUNDLE_EXECUTABLE_FOLDER_PATH)/Scrumdinger";
			};
			name = Release;
		};
		CC2FEB1A2A8EE81200E6B11E /* Debug */ = {
			isa = XCBuildConfiguration;
			buildSettings = {
				ALWAYS_EMBED_SWIFT_STANDARD_LIBRARIES = YES;
				CODE_SIGN_STYLE = Automatic;
				CURRENT_PROJECT_VERSION = 1;
				DEVELOPMENT_TEAM = 836H8RG98K;
				GENERATE_INFOPLIST_FILE = YES;
				MARKETING_VERSION = 1.0;
				PRODUCT_BUNDLE_IDENTIFIER = com.zhuchengliang.ScrumdingerUITests;
				PRODUCT_NAME = "$(TARGET_NAME)";
				SWIFT_EMIT_LOC_STRINGS = NO;
				SWIFT_VERSION = 5.0;
				TARGETED_DEVICE_FAMILY = "1,2";
				TEST_TARGET_NAME = Scrumdinger;
			};
			name = Debug;
		};
		CC2FEB1B2A8EE81200E6B11E /* Release */ = {
			isa = XCBuildConfiguration;
			buildSettings = {
				ALWAYS_EMBED_SWIFT_STANDARD_LIBRARIES = YES;
				CODE_SIGN_STYLE = Automatic;
				CURRENT_PROJECT_VERSION = 1;
				DEVELOPMENT_TEAM = 836H8RG98K;
				GENERATE_INFOPLIST_FILE = YES;
				MARKETING_VERSION = 1.0;
				PRODUCT_BUNDLE_IDENTIFIER = com.zhuchengliang.ScrumdingerUITests;
				PRODUCT_NAME = "$(TARGET_NAME)";
				SWIFT_EMIT_LOC_STRINGS = NO;
				SWIFT_VERSION = 5.0;
				TARGETED_DEVICE_FAMILY = "1,2";
				TEST_TARGET_NAME = Scrumdinger;
			};
			name = Release;
		};
/* End XCBuildConfiguration section */

/* Begin XCConfigurationList section */
		CC2FEAEA2A8EE81000E6B11E /* Build configuration list for PBXProject "Scrumdinger" */ = {
			isa = XCConfigurationList;
			buildConfigurations = (
				CC2FEB112A8EE81200E6B11E /* Debug */,
				CC2FEB122A8EE81200E6B11E /* Release */,
			);
			defaultConfigurationIsVisible = 0;
			defaultConfigurationName = Release;
		};
		CC2FEB132A8EE81200E6B11E /* Build configuration list for PBXNativeTarget "Scrumdinger" */ = {
			isa = XCConfigurationList;
			buildConfigurations = (
				CC2FEB142A8EE81200E6B11E /* Debug */,
				CC2FEB152A8EE81200E6B11E /* Release */,
			);
			defaultConfigurationIsVisible = 0;
			defaultConfigurationName = Release;
		};
		CC2FEB162A8EE81200E6B11E /* Build configuration list for PBXNativeTarget "ScrumdingerTests" */ = {
			isa = XCConfigurationList;
			buildConfigurations = (
				CC2FEB172A8EE81200E6B11E /* Debug */,
				CC2FEB182A8EE81200E6B11E /* Release */,
			);
			defaultConfigurationIsVisible = 0;
			defaultConfigurationName = Release;
		};
		CC2FEB192A8EE81200E6B11E /* Build configuration list for PBXNativeTarget "ScrumdingerUITests" */ = {
			isa = XCConfigurationList;
			buildConfigurations = (
				CC2FEB1A2A8EE81200E6B11E /* Debug */,
				CC2FEB1B2A8EE81200E6B11E /* Release */,
			);
			defaultConfigurationIsVisible = 0;
			defaultConfigurationName = Release;
		};
/* End XCConfigurationList section */
	};
	rootObject = CC2FEAE72A8EE81000E6B11E /* Project object */;
}
